# This file is autogenerated, do not edit; changes may be undone by the next 'dep ensure'.


[[projects]]
  name = "cloud.google.com/go"
  packages = ["compute/metadata"]
  revision = "28a4bc8c44b3acbcc482cff0cdf7de29a4688b61"
  version = "v0.35.1"

[[projects]]
  name = "contrib.go.opencensus.io/exporter/ocagent"
  packages = ["."]
  revision = "00af367e65149ff1f2f4b93bbfbb84fd9297170d"
  version = "v0.2.0"

[[projects]]
  name = "github.com/Azure/azure-sdk-for-go"
  packages = [
    "services/keyvault/2016-10-01/keyvault",
    "services/keyvault/auth",
    "version"
  ]
  revision = "392ea0b046cfb0cb05942ea92baf22af9ff7f9df"
  version = "v24.1.0"

[[projects]]
  name = "github.com/Azure/go-autorest"
  packages = [
    "autorest",
    "autorest/adal",
    "autorest/azure",
    "autorest/azure/auth",
    "autorest/azure/cli",
    "autorest/date",
    "autorest/to",
    "autorest/validation",
    "logger",
    "tracing"
  ]
  revision = "7324aa01f00acb1ae6e502ac06e0213cfdf09bdb"
  version = "v11.3.2"

[[projects]]
  name = "github.com/agext/levenshtein"
  packages = ["."]
  revision = "5f10fee965225ac1eecdc234c09daf5cd9e7f7b6"
  version = "v1.2.1"

[[projects]]
  name = "github.com/apparentlymart/go-cidr"
  packages = ["cidr"]
  revision = "b1115bf8e14a60131a196f908223e4506b0ddc35"
  version = "v1.0.0"

[[projects]]
  name = "github.com/apparentlymart/go-textseg"
  packages = ["textseg"]
  revision = "fb01f485ebef760e5ee06d55e1b07534dda2d295"
  version = "v1.0.0"

[[projects]]
  name = "github.com/armon/go-radix"
  packages = ["."]
  revision = "1a2de0c21c94309923825da3df33a4381872c795"
  version = "v1.0.0"

[[projects]]
  name = "github.com/aws/aws-sdk-go"
  packages = [
    "aws",
    "aws/awserr",
    "aws/awsutil",
    "aws/client",
    "aws/client/metadata",
    "aws/corehandlers",
    "aws/credentials",
    "aws/credentials/ec2rolecreds",
    "aws/credentials/endpointcreds",
    "aws/credentials/processcreds",
    "aws/credentials/stscreds",
    "aws/csm",
    "aws/defaults",
    "aws/ec2metadata",
    "aws/endpoints",
    "aws/request",
    "aws/session",
    "aws/signer/v4",
    "internal/ini",
    "internal/s3err",
    "internal/sdkio",
    "internal/sdkrand",
    "internal/sdkuri",
    "internal/shareddefaults",
    "private/protocol",
    "private/protocol/eventstream",
    "private/protocol/eventstream/eventstreamapi",
    "private/protocol/json/jsonutil",
    "private/protocol/jsonrpc",
    "private/protocol/query",
    "private/protocol/query/queryutil",
    "private/protocol/rest",
    "private/protocol/restxml",
    "private/protocol/xml/xmlutil",
    "service/kms",
    "service/kms/kmsiface",
    "service/s3",
    "service/sts"
  ]
  revision = "c1afd6c3340feedd0a2c1cd929dcb291d4bd09ba"
  version = "v1.16.23"

[[projects]]
  branch = "master"
  name = "github.com/bgentry/go-netrc"
  packages = ["netrc"]
  revision = "9fd32a8b3d3d3f9d43c341bfe098430e07609480"

[[projects]]
  name = "github.com/bgentry/speakeasy"
  packages = ["."]
  revision = "4aabc24848ce5fd31929f7d1e4ea74d3709c14cd"
  version = "v0.1.0"

[[projects]]
  name = "github.com/blang/semver"
  packages = ["."]
  revision = "2ee87856327ba09384cabd113bc6b5d174e9ec0f"
  version = "v3.5.1"

[[projects]]
  name = "github.com/census-instrumentation/opencensus-proto"
  packages = [
    "gen-go/agent/common/v1",
    "gen-go/agent/trace/v1",
    "gen-go/resource/v1",
    "gen-go/trace/v1"
  ]
  revision = "7f2434bc10da710debe5c4315ed6d4df454b4024"
  version = "v0.1.0"

[[projects]]
  name = "github.com/dgrijalva/jwt-go"
  packages = ["."]
  revision = "06ea1031745cb8b3dab3f6a236daf2b0aa468b7e"
  version = "v3.2.0"

[[projects]]
  name = "github.com/dimchansky/utfbom"
  packages = ["."]
  revision = "d2133a1ce379ef6fa992b0514a77146c60db9d1c"
  version = "v1.1.0"

[[projects]]
  name = "github.com/fatih/color"
  packages = ["."]
  revision = "5b77d2a35fb0ede96d138fc9a99f5c9b6aef11b4"
  version = "v1.7.0"

[[projects]]
  name = "github.com/golang/protobuf"
  packages = [
    "proto",
    "ptypes",
    "ptypes/any",
    "ptypes/duration",
    "ptypes/timestamp",
    "ptypes/wrappers"
  ]
  revision = "aa810b61a9c79d51363740d207bb46cf8e620ed5"
  version = "v1.2.0"

[[projects]]
  name = "github.com/google/go-cmp"
  packages = [
    "cmp",
    "cmp/internal/diff",
    "cmp/internal/function",
    "cmp/internal/value"
  ]
  revision = "3af367b6b30c263d47e8895973edcca9a49cf029"
  version = "v0.2.0"

[[projects]]
  branch = "master"
  name = "github.com/goware/prefixer"
  packages = ["."]
  revision = "395022866408d928fc2439f7eac73dd8d370ec1d"

[[projects]]
  name = "github.com/hashicorp/errwrap"
  packages = ["."]
  revision = "8a6fb523712970c966eefc6b39ed2c5e74880354"
  version = "v1.0.0"

[[projects]]
  name = "github.com/hashicorp/go-cleanhttp"
  packages = ["."]
  revision = "e8ab9daed8d1ddd2d3c4efba338fe2eeae2e4f18"
  version = "v0.5.0"

[[projects]]
  name = "github.com/hashicorp/go-getter"
  packages = [
    ".",
    "helper/url"
  ]
  revision = "dde89f93975670ed3a449be055954c139e36810f"
  version = "v1.0.1"

[[projects]]
  branch = "master"
  name = "github.com/hashicorp/go-hclog"
  packages = ["."]
  revision = "4783caec6f2e5cdd47fab8b2bb47ce2ce5c546b7"

[[projects]]
  name = "github.com/hashicorp/go-multierror"
  packages = ["."]
  revision = "886a7fbe3eb1c874d46f623bfa70af45f425b3d1"
  version = "v1.0.0"

[[projects]]
  branch = "master"
  name = "github.com/hashicorp/go-plugin"
  packages = [
    ".",
    "internal/proto"
  ]
  revision = "f444068e8f5a19853177f7aa0aea7e7d95b5b528"

[[projects]]
  name = "github.com/hashicorp/go-safetemp"
  packages = ["."]
  revision = "c9a55de4fe06c920a71964b53cfe3dd293a3c743"
  version = "v1.0.0"

[[projects]]
  name = "github.com/hashicorp/go-uuid"
  packages = ["."]
  revision = "4f571afc59f3043a65f8fe6bf46d887b10a01d43"
  version = "v1.0.1"

[[projects]]
  name = "github.com/hashicorp/go-version"
  packages = ["."]
  revision = "d40cf49b3a77bba84a7afdbd7f1dc295d114efb1"
  version = "v1.1.0"

[[projects]]
  name = "github.com/hashicorp/hcl"
  packages = [
    ".",
    "hcl/ast",
    "hcl/parser",
    "hcl/scanner",
    "hcl/strconv",
    "hcl/token",
    "json/parser",
    "json/scanner",
    "json/token"
  ]
  revision = "8cb6e5b959231cc1119e43259c4a608f9c51a241"
  version = "v1.0.0"

[[projects]]
  branch = "master"
  name = "github.com/hashicorp/hcl2"
  packages = [
    "gohcl",
    "hcl",
    "hcl/hclsyntax",
    "hcl/json",
    "hcldec",
    "hclparse",
    "hclwrite"
  ]
  revision = "7b147fbae47a39a84792258ad4017a940a752d46"

[[projects]]
  branch = "master"
  name = "github.com/hashicorp/hil"
  packages = [
    ".",
    "ast",
    "parser",
    "scanner"
  ]
  revision = "fa9f258a92500514cc8e9c67020487709df92432"

[[projects]]
  name = "github.com/hashicorp/terraform"
  packages = [
    "config",
    "config/configschema",
    "config/hcl2shim",
    "config/module",
    "dag",
    "flatmap",
    "helper/hashcode",
    "helper/hilmapstructure",
    "helper/schema",
    "httpclient",
    "moduledeps",
    "plugin",
    "plugin/discovery",
    "registry",
    "registry/regsrc",
    "registry/response",
    "svchost",
    "svchost/auth",
    "svchost/disco",
    "terraform",
    "tfdiags",
    "version"
  ]
  revision = "ac4fff416318bf0915a0ab80e062a99ef3724334"
  version = "v0.11.11"

[[projects]]
  branch = "master"
  name = "github.com/hashicorp/yamux"
  packages = ["."]
  revision = "2f1d1f20f75d5404f53b9edf6b53ed5505508675"

[[projects]]
  branch = "master"
  name = "github.com/howeyc/gopass"
  packages = ["."]
  revision = "bf9dde6d0d2c004a008c27aaee91170c786f6db8"

[[projects]]
  name = "github.com/jmespath/go-jmespath"
  packages = ["."]
  revision = "c2b33e84"

[[projects]]
  name = "github.com/konsorten/go-windows-terminal-sequences"
  packages = ["."]
  revision = "5c8c8bd35d3832f5d134ae1e1e375b69a4d25242"
  version = "v1.0.1"

[[projects]]
  name = "github.com/lib/pq"
  packages = [
    ".",
    "oid"
  ]
  revision = "4ded0e9383f75c197b3a2aaa6d590ac52df6fd79"
  version = "v1.0.0"

[[projects]]
  name = "github.com/mattn/go-colorable"
  packages = ["."]
  revision = "167de6bfdfba052fa6b2d3664c8f5272e23c9072"
  version = "v0.0.9"

[[projects]]
  name = "github.com/mattn/go-isatty"
  packages = ["."]
  revision = "6ca4dbf54d38eea1a992b3c722a76a5d1c4cb25c"
  version = "v0.0.4"

[[projects]]
  name = "github.com/mitchellh/cli"
  packages = ["."]
  revision = "3d22a244be8aa6fb16ac24af0e195c08b7d973aa"
  version = "v1.0.0"

[[projects]]
  name = "github.com/mitchellh/copystructure"
  packages = ["."]
  revision = "9a1b6f44e8da0e0e374624fb0a825a231b00c537"
  version = "v1.0.0"

[[projects]]
  name = "github.com/mitchellh/go-homedir"
  packages = ["."]
  revision = "ae18d6b8b3205b561c79e8e5f69bff09736185f4"
  version = "v1.0.0"

[[projects]]
  name = "github.com/mitchellh/go-testing-interface"
  packages = ["."]
  revision = "6d0b8010fcc857872e42fc6c931227569016843c"
  version = "v1.0.0"

[[projects]]
  name = "github.com/mitchellh/go-wordwrap"
  packages = ["."]
  revision = "9e67c67572bc5dd02aef930e2b0ae3c02a4b5a5c"
  version = "v1.0.0"

[[projects]]
  name = "github.com/mitchellh/hashstructure"
  packages = ["."]
  revision = "a38c50148365edc8df43c1580c48fb2b3a1e9cd7"
  version = "v1.0.0"

[[projects]]
  name = "github.com/mitchellh/mapstructure"
  packages = ["."]
  revision = "3536a929edddb9a5b34bd6861dc4a9647cb459fe"
  version = "v1.1.2"

[[projects]]
  name = "github.com/mitchellh/reflectwalk"
  packages = ["."]
  revision = "eecee6c969c02c8cc2ae48e1e269843ae8590796"
  version = "v1.0.0"

[[projects]]
  branch = "v2"
  name = "github.com/mozilla-services/yaml"
  packages = ["."]
  revision = "28ffe5d0cafbfbfa6d9cf53864018abfa4bd8f6e"

[[projects]]
  name = "github.com/oklog/run"
  packages = ["."]
  revision = "4dadeb3030eda0273a12382bb2348ffc7c9d1a39"
  version = "v1.0.0"

[[projects]]
  name = "github.com/pkg/errors"
  packages = ["."]
  revision = "ba968bfe8b2f7e042a574c888954fccecfa385b4"
  version = "v0.8.1"

[[projects]]
  name = "github.com/posener/complete"
  packages = [
    ".",
    "cmd",
    "cmd/install",
    "match"
  ]
  revision = "3ef9b31a6a0613ae832e7ecf208374027c3b2343"
  version = "v1.2.1"

[[projects]]
  name = "github.com/sirupsen/logrus"
  packages = ["."]
  revision = "e1e72e9de974bd926e5c56f83753fba2df402ce5"
  version = "v1.3.0"

[[projects]]
  name = "github.com/ulikunitz/xz"
  packages = [
    ".",
    "internal/hash",
    "internal/xlog",
    "lzma"
  ]
  revision = "590df8077fbcb06ad62d7714da06c00e5dd2316d"
  version = "v0.5.5"

[[projects]]
  branch = "master"
  name = "github.com/zclconf/go-cty"
  packages = [
    "cty",
    "cty/convert",
    "cty/function",
    "cty/function/stdlib",
    "cty/gocty",
    "cty/json",
    "cty/set"
  ]
  revision = "67e3da15e4309389854d5b28eaaede43da5ca9ad"

[[projects]]
  branch = "master"
  name = "go.mozilla.org/gopgagent"
  packages = ["."]
  revision = "4d7ea76ff71aec34ae0b4e39ecee5c43f6815189"

[[projects]]
  name = "go.mozilla.org/sops"
  packages = [
    ".",
    "aes",
    "audit",
    "azkv",
    "decrypt",
    "gcpkms",
    "keys",
    "keyservice",
    "kms",
    "logging",
    "pgp",
    "shamir",
    "stores",
    "stores/dotenv",
    "stores/json",
    "stores/yaml"
  ]
  revision = "647d8ed41b61478696bc292402c72b10ba58f36f"
  version = "3.2.0"

[[projects]]
  name = "go.opencensus.io"
  packages = [
    ".",
    "exemplar",
    "internal",
    "internal/tagencoding",
    "plugin/ochttp",
    "plugin/ochttp/propagation/b3",
    "plugin/ochttp/propagation/tracecontext",
    "stats",
    "stats/internal",
    "stats/view",
    "tag",
    "trace",
    "trace/internal",
    "trace/propagation",
    "trace/tracestate"
  ]
  revision = "b7bf3cdb64150a8c8c53b769fdeb2ba581bd4d4b"
  version = "v0.18.0"

[[projects]]
  branch = "master"
  name = "golang.org/x/crypto"
  packages = [
    "bcrypt",
    "blowfish",
    "cast5",
    "openpgp",
    "openpgp/armor",
    "openpgp/elgamal",
    "openpgp/errors",
    "openpgp/packet",
    "openpgp/s2k",
    "pkcs12",
    "pkcs12/internal/rc2",
    "ssh/terminal"
  ]
  revision = "057139ce5d2bdbe6fe73c53679e24e9cf007f637"

[[projects]]
  branch = "master"
  name = "golang.org/x/net"
  packages = [
    "context",
    "context/ctxhttp",
    "html",
    "html/atom",
    "http/httpguts",
    "http2",
    "http2/hpack",
    "idna",
    "internal/timeseries",
    "trace"
  ]
  revision = "ed066c81e75eba56dd9bd2139ade88125b855585"

[[projects]]
  branch = "master"
  name = "golang.org/x/oauth2"
  packages = [
    ".",
    "google",
    "internal",
    "jws",
    "jwt"
  ]
  revision = "5dab4167f31cbd76b407f1486c86b40748bc5073"

[[projects]]
  branch = "master"
  name = "golang.org/x/sync"
  packages = ["semaphore"]
  revision = "37e7f081c4d4c64e13b10787722085407fe5d15f"

[[projects]]
  branch = "master"
  name = "golang.org/x/sys"
  packages = [
    "unix",
    "windows"
  ]
  revision = "c6b37f3e92850b723493d63fd35aad34e19e048d"

[[projects]]
  name = "golang.org/x/text"
  packages = [
    "collate",
    "collate/build",
    "internal/colltab",
    "internal/gen",
    "internal/tag",
    "internal/triegen",
    "internal/ucd",
    "language",
    "secure/bidirule",
    "transform",
    "unicode/bidi",
    "unicode/cldr",
    "unicode/norm",
    "unicode/rangetable"
  ]
  revision = "f21a4dfb5e38f5895301dc265a8def02365cc3d0"
  version = "v0.3.0"

[[projects]]
  name = "google.golang.org/api"
  packages = [
    "cloudkms/v1",
    "gensupport",
    "googleapi",
    "googleapi/internal/uritemplates",
    "support/bundler"
  ]
  revision = "19e022d8cf43ce81f046bae8cc18c5397cc7732f"
  version = "v0.1.0"

[[projects]]
  name = "google.golang.org/appengine"
  packages = [
    ".",
    "internal",
    "internal/app_identity",
    "internal/base",
    "internal/datastore",
    "internal/log",
    "internal/modules",
    "internal/remote_api",
    "internal/urlfetch",
    "urlfetch"
  ]
  revision = "e9657d882bb81064595ca3b56cbe2546bbabf7b1"
  version = "v1.4.0"

[[projects]]
  branch = "master"
  name = "google.golang.org/genproto"
  packages = ["googleapis/rpc/status"]
  revision = "8819c946db4494a2259bf100a377f51aa585d893"

[[projects]]
  name = "google.golang.org/grpc"
  packages = [
    ".",
    "balancer",
    "balancer/base",
    "balancer/roundrobin",
    "binarylog/grpc_binarylog_v1",
    "codes",
    "connectivity",
    "credentials",
    "credentials/internal",
    "encoding",
    "encoding/proto",
    "grpclog",
    "health",
    "health/grpc_health_v1",
    "internal",
    "internal/backoff",
    "internal/binarylog",
    "internal/channelz",
    "internal/envconfig",
    "internal/grpcrand",
    "internal/grpcsync",
    "internal/syscall",
    "internal/transport",
    "keepalive",
    "metadata",
    "naming",
    "peer",
    "resolver",
    "resolver/dns",
    "resolver/passthrough",
    "stats",
    "status",
    "tap"
  ]
  revision = "a02b0774206b209466313a0b525d2c738fe407eb"
  version = "v1.18.0"

[[projects]]
  name = "gopkg.in/yaml.v2"
  packages = ["."]
  revision = "51d6538a90f86fe93ac480b35f37b2be17fef232"
  version = "v2.2.2"

[solve-meta]
  analyzer-name = "dep"
  analyzer-version = 1
  inputs-digest = "7b24c90ae60f1aa5f084e7434a5b9ad2a828f818af654f6080f98b35c861a76b"
  solver-name = "gps-cdcl"
  solver-version = 1
